schema: '2.0'
stages:
  salad_preprocess:
    cmd: "python -c \"import os; [os.makedirs(p, exist_ok=True) for p in ('data/stats','data/validation','data/metrics')]\"\
      \ && python scripts/preprocess_salad.py && python scripts/ge_runner.py validate\n"
    deps:
    - path: config/data_sources.json
      hash: md5
      md5: f9088691602e8692e265d0ee0dfbf79c
      size: 174
    - path: scripts/ge_runner.py
      hash: md5
      md5: 722aa01ea1e5dd23b2d2ff63b0785a57
      size: 20159
    - path: scripts/preprocess_salad.py
      hash: md5
      md5: 6f9e9a6000bce70175eb118eda8de8a0
      size: 9704
    outs:
    - path: data/metrics/stats
      hash: md5
      md5: 0b2669548d94ff20750141ba37c4606c.dir
      size: 4188
      nfiles: 4
    - path: data/metrics/validation
      hash: md5
      md5: 34caf254878ee3a1c65312bce12189e6.dir
      size: 699
      nfiles: 3
    - path: data/processed/processed_data.csv
      hash: md5
      md5: af51de4ff46b212a3e40db605fd75af0
      size: 13290021
  model_responses:
    cmd: echo "Model responses generated by Airflow DAG"
    outs:
    - path: data/responses
      hash: md5
      md5: 961211bd7f144232cead581e36636a72.dir
      size: 220754
      nfiles: 5
  judge_outputs:
    cmd: echo "Judge outputs generated by Airflow DAG"
    outs:
    - path: data/judge
      hash: md5
      md5: 233f0fe1af1f4f1bd638b0634a637f9c.dir
      size: 207248
      nfiles: 5
  bias_detection:
    cmd: echo "Bias detection outputs generated by Airflow DAG"
    outs:
    - path: data/bias
      hash: md5
      md5: 399b6bc1df75816e63282354bbe54b93.dir
      size: 11357
      nfiles: 18
  additional_metrics:
    cmd: echo "Additional metrics generated by Airflow DAG"
    outs:
    - path: data/metrics
      hash: md5
      md5: 916bf93259883667e6b633faf1746fe9.dir
      size: 7292
      nfiles: 12
