schema: '2.0'
stages:
  salad_preprocess:
    cmd: "python -c \"import os; [os.makedirs(p, exist_ok=True) for p in ('data/metrics/stats','data/metrics/validation','data/processed')]\"\
      \ && python ../scripts/preprocess_salad.py && python ../scripts/ge_runner.py
      validate\n"
    deps:
    - path: ../config/data_sources.json
      hash: md5
      md5: f9088691602e8692e265d0ee0dfbf79c
      size: 174
    - path: ../scripts/ge_runner.py
      hash: md5
      md5: 22ea623e809e0529466cc1e84c5c9439
      size: 22213
    - path: ../scripts/preprocess_salad.py
      hash: md5
      md5: adde9d532d57879b55938f5a208159f0
      size: 11038
    outs:
    - path: data/metrics/stats
      hash: md5
      md5: ec49fbb19794431f716d575bebad146a.dir
      size: 5263
      nfiles: 5
    - path: data/metrics/validation
      hash: md5
      md5: c1912af08fb063b583abb314b5bd6584.dir
      size: 1000
      nfiles: 4
    - path: data/processed/processed_data.csv
      hash: md5
      md5: af51de4ff46b212a3e40db605fd75af0
      size: 13290021
  model_responses:
    cmd: echo "Model responses generated by Airflow DAG"
    outs:
    - path: data/responses
      hash: md5
      md5: 8f07808dded22cd26926e614937cd0c5.dir
      size: 569601
      nfiles: 5
  judge_outputs:
    cmd: echo "Judge outputs generated by Airflow DAG"
    outs:
    - path: data/judge
      hash: md5
      md5: a1c0cc68f8dbef9e1da6a6ff0ce81030.dir
      size: 623596
      nfiles: 5
  bias_detection:
    cmd: echo "Bias detection outputs generated by Airflow DAG"
    outs:
    - path: data/bias
      hash: md5
      md5: 8ea1e277950e0df2bea5516d1a8fba00.dir
      size: 20257
      nfiles: 18
  additional_metrics:
    cmd: echo "Additional metrics generated by Airflow DAG"
    outs:
    - path: data/metrics/additional
      hash: md5
      md5: 1ba51e3a50f589c166c7436a6ecebfd1.dir
      size: 2311
      nfiles: 5
    - path: data/metrics/schema/baseline/schema.json
      hash: md5
      md5: 1cb12113d9b9e158f183288ad4bc3dcf
      size: 675
